
Microsoft Visual Studio Solution File, Format Version 12.00
# Visual Studio Version 16
VisualStudioVersion = 16.0.30717.126
MinimumVisualStudioVersion = 15.0.26124.0
Project("{6EC3EE1D-3C4E-46DD-8F32-0CC8E7565705}") = "FSharp", "FSharp\FSharp.fsproj", "{51E73C01-7CCD-48BD-A56B-DAF28A5ECED2}"
EndProject
Project("{FAE04EC0-301F-11D3-BF4B-00C04F79EFBC}") = "CSharp", "CSharp\CSharp.csproj", "{1B299D40-C94B-443F-940C-9076A4AAD8DC}"
EndProject
Global
	GlobalSection(SolutionConfigurationPlatforms) = preSolution
		Debug|Any CPU = Debug|Any CPU
		Debug|x64 = Debug|x64
		Debug|x86 = Debug|x86
		Release|Any CPU = Release|Any CPU
		Release|x64 = Release|x64
		Release|x86 = Release|x86
	EndGlobalSection
	GlobalSection(ProjectConfigurationPlatforms) = postSolution
		{51E73C01-7CCD-48BD-A56B-DAF28A5ECED2}.Debug|Any CPU.ActiveCfg = Debug|Any CPU
		{51E73C01-7CCD-48BD-A56B-DAF28A5ECED2}.Debug|Any CPU.Build.0 = Debug|Any CPU
		{51E73C01-7CCD-48BD-A56B-DAF28A5ECED2}.Debug|x64.ActiveCfg = Debug|Any CPU
		{51E73C01-7CCD-48BD-A56B-DAF28A5ECED2}.Debug|x64.Build.0 = Debug|Any CPU
		{51E73C01-7CCD-48BD-A56B-DAF28A5ECED2}.Debug|x86.ActiveCfg = Debug|Any CPU
		{51E73C01-7CCD-48BD-A56B-DAF28A5ECED2}.Debug|x86.Build.0 = Debug|Any CPU
		{51E73C01-7CCD-48BD-A56B-DAF28A5ECED2}.Release|Any CPU.ActiveCfg = Release|Any CPU
		{51E73C01-7CCD-48BD-A56B-DAF28A5ECED2}.Release|Any CPU.Build.0 = Release|Any CPU
		{51E73C01-7CCD-48BD-A56B-DAF28A5ECED2}.Release|x64.ActiveCfg = Release|Any CPU
		{51E73C01-7CCD-48BD-A56B-DAF28A5ECED2}.Release|x64.Build.0 = Release|Any CPU
		{51E73C01-7CCD-48BD-A56B-DAF28A5ECED2}.Release|x86.ActiveCfg = Release|Any CPU
		{51E73C01-7CCD-48BD-A56B-DAF28A5ECED2}.Release|x86.Build.0 = Release|Any CPU
		{1B299D40-C94B-443F-940C-9076A4AAD8DC}.Debug|Any CPU.ActiveCfg = Debug|Any CPU
		{1B299D40-C94B-443F-940C-9076A4AAD8DC}.Debug|Any CPU.Build.0 = Debug|Any CPU
		{1B299D40-C94B-443F-940C-9076A4AAD8DC}.Debug|x64.ActiveCfg = Debug|Any CPU
		{1B299D40-C94B-443F-940C-9076A4AAD8DC}.Debug|x64.Build.0 = Debug|Any CPU
		{1B299D40-C94B-443F-940C-9076A4AAD8DC}.Debug|x86.ActiveCfg = Debug|Any CPU
		{1B299D40-C94B-443F-940C-9076A4AAD8DC}.Debug|x86.Build.0 = Debug|Any CPU
		{1B299D40-C94B-443F-940C-9076A4AAD8DC}.Release|Any CPU.ActiveCfg = Release|Any CPU
		{1B299D40-C94B-443F-940C-9076A4AAD8DC}.Release|Any CPU.Build.0 = Release|Any CPU
		{1B299D40-C94B-443F-940C-9076A4AAD8DC}.Release|x64.ActiveCfg = Release|Any CPU
		{1B299D40-C94B-443F-940C-9076A4AAD8DC}.Release|x64.Build.0 = Release|Any CPU
		{1B299D40-C94B-443F-940C-9076A4AAD8DC}.Release|x86.ActiveCfg = Release|Any CPU
		{1B299D40-C94B-443F-940C-9076A4AAD8DC}.Release|x86.Build.0 = Release|Any CPU
	EndGlobalSection
	GlobalSection(SolutionProperties) = preSolution
		HideSolutionNode = FALSE
	EndGlobalSection
	GlobalSection(ExtensibilityGlobals) = postSolution
		SolutionGuid = {947DDBE7-0FF7-435E-9924-D8116BF9744D}
	EndGlobalSection
EndGlobal
